// !$*UTF8*$!
{
	archiveVersion = 1;
	classes = {
	};
	objectVersion = 51;
	objects = {

/* Begin PBXBuildFile section */
		CF1F823E2EEC788A89B99223 /* Pods_LoodosMovieCase.framework in Frameworks */ = {isa = PBXBuildFile; fileRef = 7C94660C12D6503B6CAA738D /* Pods_LoodosMovieCase.framework */; };
		F951F6C5249632D100561838 /* SplashVC.swift in Sources */ = {isa = PBXBuildFile; fileRef = F951F6C3249632D100561838 /* SplashVC.swift */; };
		F951F6C6249632D100561838 /* SplashVC.xib in Resources */ = {isa = PBXBuildFile; fileRef = F951F6C4249632D100561838 /* SplashVC.xib */; };
		F951F6C82496356D00561838 /* Reachability.swift in Sources */ = {isa = PBXBuildFile; fileRef = F951F6C72496356D00561838 /* Reachability.swift */; };
		F951F6CB249635C300561838 /* Extension+UIViewController.swift in Sources */ = {isa = PBXBuildFile; fileRef = F951F6CA249635C300561838 /* Extension+UIViewController.swift */; };
		F951F6CF2496378900561838 /* HomeVC.swift in Sources */ = {isa = PBXBuildFile; fileRef = F951F6CD2496378900561838 /* HomeVC.swift */; };
		F951F6D02496378900561838 /* HomeVC.xib in Resources */ = {isa = PBXBuildFile; fileRef = F951F6CE2496378900561838 /* HomeVC.xib */; };
		F951F6D22496381200561838 /* MovieModel.swift in Sources */ = {isa = PBXBuildFile; fileRef = F951F6D12496381200561838 /* MovieModel.swift */; };
		F951F6D42496383500561838 /* MovieDetailModel.swift in Sources */ = {isa = PBXBuildFile; fileRef = F951F6D32496383500561838 /* MovieDetailModel.swift */; };
		F951F6D62496385A00561838 /* Ratings.swift in Sources */ = {isa = PBXBuildFile; fileRef = F951F6D52496385A00561838 /* Ratings.swift */; };
		F951F6DD249639AB00561838 /* MovieCell.swift in Sources */ = {isa = PBXBuildFile; fileRef = F951F6DB249639AB00561838 /* MovieCell.swift */; };
		F951F6DE249639AB00561838 /* MovieCell.xib in Resources */ = {isa = PBXBuildFile; fileRef = F951F6DC249639AB00561838 /* MovieCell.xib */; };
		F951F6E024963BC800561838 /* Extension+UITableView.swift in Sources */ = {isa = PBXBuildFile; fileRef = F951F6DF24963BC800561838 /* Extension+UITableView.swift */; };
		F951F6E224963C4700561838 /* Constant.swift in Sources */ = {isa = PBXBuildFile; fileRef = F951F6E124963C4700561838 /* Constant.swift */; };
		F97F8F972494D22400068253 /* AppDelegate.swift in Sources */ = {isa = PBXBuildFile; fileRef = F97F8F962494D22400068253 /* AppDelegate.swift */; };
		F97F8F9B2494D22400068253 /* ViewController.swift in Sources */ = {isa = PBXBuildFile; fileRef = F97F8F9A2494D22400068253 /* ViewController.swift */; };
		F97F8F9E2494D22400068253 /* Main.storyboard in Resources */ = {isa = PBXBuildFile; fileRef = F97F8F9C2494D22400068253 /* Main.storyboard */; };
		F97F8FA02494D22500068253 /* Assets.xcassets in Resources */ = {isa = PBXBuildFile; fileRef = F97F8F9F2494D22500068253 /* Assets.xcassets */; };
		F97F8FA32494D22500068253 /* LaunchScreen.storyboard in Resources */ = {isa = PBXBuildFile; fileRef = F97F8FA12494D22500068253 /* LaunchScreen.storyboard */; };
		F97F8FB12494D87600068253 /* ParameterEncoding.swift in Sources */ = {isa = PBXBuildFile; fileRef = F97F8FB02494D87600068253 /* ParameterEncoding.swift */; };
		F97F8FB32494D90500068253 /* URLParameterEncoding.swift in Sources */ = {isa = PBXBuildFile; fileRef = F97F8FB22494D90500068253 /* URLParameterEncoding.swift */; };
		F97F8FB52494D91C00068253 /* JSONParameterEncoder.swift in Sources */ = {isa = PBXBuildFile; fileRef = F97F8FB42494D91C00068253 /* JSONParameterEncoder.swift */; };
		F97F8FB82494D95900068253 /* NetworkManager.swift in Sources */ = {isa = PBXBuildFile; fileRef = F97F8FB72494D95800068253 /* NetworkManager.swift */; };
		F97F8FBB2494D99600068253 /* MovieEndPoint.swift in Sources */ = {isa = PBXBuildFile; fileRef = F97F8FBA2494D99600068253 /* MovieEndPoint.swift */; };
		F97F8FBE2494D9B700068253 /* HTTPTask.swift in Sources */ = {isa = PBXBuildFile; fileRef = F97F8FBD2494D9B700068253 /* HTTPTask.swift */; };
		F97F8FC02494D9CA00068253 /* HTTPMethod.swift in Sources */ = {isa = PBXBuildFile; fileRef = F97F8FBF2494D9CA00068253 /* HTTPMethod.swift */; };
		F97F8FC22494D9DD00068253 /* Router.swift in Sources */ = {isa = PBXBuildFile; fileRef = F97F8FC12494D9DD00068253 /* Router.swift */; };
		F97F8FC42494D9F200068253 /* NetworkLogger.swift in Sources */ = {isa = PBXBuildFile; fileRef = F97F8FC32494D9F200068253 /* NetworkLogger.swift */; };
		F97F8FC62494DA0400068253 /* EndPointType.swift in Sources */ = {isa = PBXBuildFile; fileRef = F97F8FC52494DA0400068253 /* EndPointType.swift */; };
		F97F8FCA2494E02A00068253 /* GoogleService-Info.plist in Resources */ = {isa = PBXBuildFile; fileRef = F97F8FC92494E02900068253 /* GoogleService-Info.plist */; };
		F97F8FCC2494E15F00068253 /* RCValues.swift in Sources */ = {isa = PBXBuildFile; fileRef = F97F8FCB2494E15F00068253 /* RCValues.swift */; };
/* End PBXBuildFile section */

/* Begin PBXFileReference section */
		7C94660C12D6503B6CAA738D /* Pods_LoodosMovieCase.framework */ = {isa = PBXFileReference; explicitFileType = wrapper.framework; includeInIndex = 0; path = Pods_LoodosMovieCase.framework; sourceTree = BUILT_PRODUCTS_DIR; };
		AAD19CA4B42B2A93774096E2 /* Pods-LoodosMovieCase.release.xcconfig */ = {isa = PBXFileReference; includeInIndex = 1; lastKnownFileType = text.xcconfig; name = "Pods-LoodosMovieCase.release.xcconfig"; path = "Target Support Files/Pods-LoodosMovieCase/Pods-LoodosMovieCase.release.xcconfig"; sourceTree = "<group>"; };
		DAE2B4B1D914A0A268536389 /* Pods-LoodosMovieCase.debug.xcconfig */ = {isa = PBXFileReference; includeInIndex = 1; lastKnownFileType = text.xcconfig; name = "Pods-LoodosMovieCase.debug.xcconfig"; path = "Target Support Files/Pods-LoodosMovieCase/Pods-LoodosMovieCase.debug.xcconfig"; sourceTree = "<group>"; };
		F951F6C3249632D100561838 /* SplashVC.swift */ = {isa = PBXFileReference; lastKnownFileType = sourcecode.swift; path = SplashVC.swift; sourceTree = "<group>"; };
		F951F6C4249632D100561838 /* SplashVC.xib */ = {isa = PBXFileReference; lastKnownFileType = file.xib; path = SplashVC.xib; sourceTree = "<group>"; };
		F951F6C72496356D00561838 /* Reachability.swift */ = {isa = PBXFileReference; lastKnownFileType = sourcecode.swift; path = Reachability.swift; sourceTree = "<group>"; };
		F951F6CA249635C300561838 /* Extension+UIViewController.swift */ = {isa = PBXFileReference; lastKnownFileType = sourcecode.swift; path = "Extension+UIViewController.swift"; sourceTree = "<group>"; };
		F951F6CD2496378900561838 /* HomeVC.swift */ = {isa = PBXFileReference; lastKnownFileType = sourcecode.swift; path = HomeVC.swift; sourceTree = "<group>"; };
		F951F6CE2496378900561838 /* HomeVC.xib */ = {isa = PBXFileReference; lastKnownFileType = file.xib; path = HomeVC.xib; sourceTree = "<group>"; };
		F951F6D12496381200561838 /* MovieModel.swift */ = {isa = PBXFileReference; lastKnownFileType = sourcecode.swift; path = MovieModel.swift; sourceTree = "<group>"; };
		F951F6D32496383500561838 /* MovieDetailModel.swift */ = {isa = PBXFileReference; lastKnownFileType = sourcecode.swift; path = MovieDetailModel.swift; sourceTree = "<group>"; };
		F951F6D52496385A00561838 /* Ratings.swift */ = {isa = PBXFileReference; lastKnownFileType = sourcecode.swift; path = Ratings.swift; sourceTree = "<group>"; };
		F951F6DB249639AB00561838 /* MovieCell.swift */ = {isa = PBXFileReference; lastKnownFileType = sourcecode.swift; path = MovieCell.swift; sourceTree = "<group>"; };
		F951F6DC249639AB00561838 /* MovieCell.xib */ = {isa = PBXFileReference; lastKnownFileType = file.xib; path = MovieCell.xib; sourceTree = "<group>"; };
		F951F6DF24963BC800561838 /* Extension+UITableView.swift */ = {isa = PBXFileReference; lastKnownFileType = sourcecode.swift; path = "Extension+UITableView.swift"; sourceTree = "<group>"; };
		F951F6E124963C4700561838 /* Constant.swift */ = {isa = PBXFileReference; lastKnownFileType = sourcecode.swift; path = Constant.swift; sourceTree = "<group>"; };
		F97F8F932494D22400068253 /* LoodosMovieCase.app */ = {isa = PBXFileReference; explicitFileType = wrapper.application; includeInIndex = 0; path = LoodosMovieCase.app; sourceTree = BUILT_PRODUCTS_DIR; };
		F97F8F962494D22400068253 /* AppDelegate.swift */ = {isa = PBXFileReference; lastKnownFileType = sourcecode.swift; path = AppDelegate.swift; sourceTree = "<group>"; };
		F97F8F9A2494D22400068253 /* ViewController.swift */ = {isa = PBXFileReference; lastKnownFileType = sourcecode.swift; path = ViewController.swift; sourceTree = "<group>"; };
		F97F8F9D2494D22400068253 /* Base */ = {isa = PBXFileReference; lastKnownFileType = file.storyboard; name = Base; path = Base.lproj/Main.storyboard; sourceTree = "<group>"; };
		F97F8F9F2494D22500068253 /* Assets.xcassets */ = {isa = PBXFileReference; lastKnownFileType = folder.assetcatalog; path = Assets.xcassets; sourceTree = "<group>"; };
		F97F8FA22494D22500068253 /* Base */ = {isa = PBXFileReference; lastKnownFileType = file.storyboard; name = Base; path = Base.lproj/LaunchScreen.storyboard; sourceTree = "<group>"; };
		F97F8FA42494D22500068253 /* Info.plist */ = {isa = PBXFileReference; lastKnownFileType = text.plist.xml; path = Info.plist; sourceTree = "<group>"; };
		F97F8FB02494D87600068253 /* ParameterEncoding.swift */ = {isa = PBXFileReference; lastKnownFileType = sourcecode.swift; path = ParameterEncoding.swift; sourceTree = "<group>"; };
		F97F8FB22494D90500068253 /* URLParameterEncoding.swift */ = {isa = PBXFileReference; lastKnownFileType = sourcecode.swift; path = URLParameterEncoding.swift; sourceTree = "<group>"; };
		F97F8FB42494D91C00068253 /* JSONParameterEncoder.swift */ = {isa = PBXFileReference; lastKnownFileType = sourcecode.swift; path = JSONParameterEncoder.swift; sourceTree = "<group>"; };
		F97F8FB72494D95800068253 /* NetworkManager.swift */ = {isa = PBXFileReference; lastKnownFileType = sourcecode.swift; path = NetworkManager.swift; sourceTree = "<group>"; };
		F97F8FBA2494D99600068253 /* MovieEndPoint.swift */ = {isa = PBXFileReference; lastKnownFileType = sourcecode.swift; path = MovieEndPoint.swift; sourceTree = "<group>"; };
		F97F8FBD2494D9B700068253 /* HTTPTask.swift */ = {isa = PBXFileReference; lastKnownFileType = sourcecode.swift; path = HTTPTask.swift; sourceTree = "<group>"; };
		F97F8FBF2494D9CA00068253 /* HTTPMethod.swift */ = {isa = PBXFileReference; lastKnownFileType = sourcecode.swift; path = HTTPMethod.swift; sourceTree = "<group>"; };
		F97F8FC12494D9DD00068253 /* Router.swift */ = {isa = PBXFileReference; lastKnownFileType = sourcecode.swift; path = Router.swift; sourceTree = "<group>"; };
		F97F8FC32494D9F200068253 /* NetworkLogger.swift */ = {isa = PBXFileReference; lastKnownFileType = sourcecode.swift; path = NetworkLogger.swift; sourceTree = "<group>"; };
		F97F8FC52494DA0400068253 /* EndPointType.swift */ = {isa = PBXFileReference; lastKnownFileType = sourcecode.swift; path = EndPointType.swift; sourceTree = "<group>"; };
		F97F8FC92494E02900068253 /* GoogleService-Info.plist */ = {isa = PBXFileReference; fileEncoding = 4; lastKnownFileType = text.plist.xml; path = "GoogleService-Info.plist"; sourceTree = "<group>"; };
		F97F8FCB2494E15F00068253 /* RCValues.swift */ = {isa = PBXFileReference; lastKnownFileType = sourcecode.swift; path = RCValues.swift; sourceTree = "<group>"; };
/* End PBXFileReference section */

/* Begin PBXFrameworksBuildPhase section */
		F97F8F902494D22400068253 /* Frameworks */ = {
			isa = PBXFrameworksBuildPhase;
			buildActionMask = 2147483647;
			files = (
				CF1F823E2EEC788A89B99223 /* Pods_LoodosMovieCase.framework in Frameworks */,
			);
			runOnlyForDeploymentPostprocessing = 0;
		};
/* End PBXFrameworksBuildPhase section */

/* Begin PBXGroup section */
		C4AA90D175B90DD5FCC4E2EC /* Pods */ = {
			isa = PBXGroup;
			children = (
				DAE2B4B1D914A0A268536389 /* Pods-LoodosMovieCase.debug.xcconfig */,
				AAD19CA4B42B2A93774096E2 /* Pods-LoodosMovieCase.release.xcconfig */,
			);
			path = Pods;
			sourceTree = "<group>";
		};
		DA3A54E80DF91D8AB508799C /* Frameworks */ = {
			isa = PBXGroup;
			children = (
				7C94660C12D6503B6CAA738D /* Pods_LoodosMovieCase.framework */,
			);
			name = Frameworks;
			sourceTree = "<group>";
		};
		F951F6C2249632BE00561838 /* SplashVC */ = {
			isa = PBXGroup;
			children = (
				F951F6C3249632D100561838 /* SplashVC.swift */,
				F951F6C4249632D100561838 /* SplashVC.xib */,
			);
			path = SplashVC;
			sourceTree = "<group>";
		};
		F951F6C9249635B200561838 /* Extension */ = {
			isa = PBXGroup;
			children = (
				F951F6CA249635C300561838 /* Extension+UIViewController.swift */,
				F951F6DF24963BC800561838 /* Extension+UITableView.swift */,
			);
			path = Extension;
			sourceTree = "<group>";
		};
		F951F6CC2496377800561838 /* HomeVC */ = {
			isa = PBXGroup;
			children = (
				F951F6DA2496399300561838 /* Cell */,
				F951F6CD2496378900561838 /* HomeVC.swift */,
				F951F6CE2496378900561838 /* HomeVC.xib */,
			);
			path = HomeVC;
			sourceTree = "<group>";
		};
		F951F6D72496386300561838 /* MovieModel */ = {
			isa = PBXGroup;
			children = (
				F951F6D12496381200561838 /* MovieModel.swift */,
			);
			path = MovieModel;
			sourceTree = "<group>";
		};
		F951F6D82496386B00561838 /* MovieDetailModel */ = {
			isa = PBXGroup;
			children = (
				F951F6D32496383500561838 /* MovieDetailModel.swift */,
			);
			path = MovieDetailModel;
			sourceTree = "<group>";
		};
		F951F6D92496387300561838 /* RatingsModel */ = {
			isa = PBXGroup;
			children = (
				F951F6D52496385A00561838 /* Ratings.swift */,
			);
			path = RatingsModel;
			sourceTree = "<group>";
		};
		F951F6DA2496399300561838 /* Cell */ = {
			isa = PBXGroup;
			children = (
				F951F6DB249639AB00561838 /* MovieCell.swift */,
				F951F6DC249639AB00561838 /* MovieCell.xib */,
			);
			path = Cell;
			sourceTree = "<group>";
		};
		F97F8F8A2494D22400068253 = {
			isa = PBXGroup;
			children = (
				F97F8F952494D22400068253 /* LoodosMovieCase */,
				F97F8F942494D22400068253 /* Products */,
				C4AA90D175B90DD5FCC4E2EC /* Pods */,
				DA3A54E80DF91D8AB508799C /* Frameworks */,
			);
			sourceTree = "<group>";
		};
		F97F8F942494D22400068253 /* Products */ = {
			isa = PBXGroup;
			children = (
				F97F8F932494D22400068253 /* LoodosMovieCase.app */,
			);
			name = Products;
			sourceTree = "<group>";
		};
		F97F8F952494D22400068253 /* LoodosMovieCase */ = {
			isa = PBXGroup;
			children = (
				F97F8FAE2494D69E00068253 /* View */,
				F97F8FAD2494D69100068253 /* ViewController */,
				F97F8FAC2494D67400068253 /* Networking */,
				F97F8FAB2494D64400068253 /* Model */,
				F97F8FAA2494D63800068253 /* Utility */,
				F97F8F962494D22400068253 /* AppDelegate.swift */,
				F97F8F9C2494D22400068253 /* Main.storyboard */,
				F97F8F9F2494D22500068253 /* Assets.xcassets */,
				F97F8FC92494E02900068253 /* GoogleService-Info.plist */,
				F97F8FA12494D22500068253 /* LaunchScreen.storyboard */,
				F97F8FA42494D22500068253 /* Info.plist */,
			);
			path = LoodosMovieCase;
			sourceTree = "<group>";
		};
		F97F8FAA2494D63800068253 /* Utility */ = {
			isa = PBXGroup;
			children = (
				F951F6C9249635B200561838 /* Extension */,
				F97F8FCB2494E15F00068253 /* RCValues.swift */,
				F951F6C72496356D00561838 /* Reachability.swift */,
				F951F6E124963C4700561838 /* Constant.swift */,
			);
			path = Utility;
			sourceTree = "<group>";
		};
		F97F8FAB2494D64400068253 /* Model */ = {
			isa = PBXGroup;
			children = (
				F951F6D92496387300561838 /* RatingsModel */,
				F951F6D82496386B00561838 /* MovieDetailModel */,
				F951F6D72496386300561838 /* MovieModel */,
			);
			path = Model;
			sourceTree = "<group>";
		};
		F97F8FAC2494D67400068253 /* Networking */ = {
			isa = PBXGroup;
			children = (
				F97F8FBC2494D9A900068253 /* Service */,
				F97F8FB92494D96F00068253 /* EndPoint */,
				F97F8FB62494D94900068253 /* Manager */,
				F97F8FAF2494D85800068253 /* Encoding */,
			);
			path = Networking;
			sourceTree = "<group>";
		};
		F97F8FAD2494D69100068253 /* ViewController */ = {
			isa = PBXGroup;
			children = (
				F951F6CC2496377800561838 /* HomeVC */,
				F951F6C2249632BE00561838 /* SplashVC */,
				F97F8F9A2494D22400068253 /* ViewController.swift */,
			);
			path = ViewController;
			sourceTree = "<group>";
		};
		F97F8FAE2494D69E00068253 /* View */ = {
			isa = PBXGroup;
			children = (
			);
			path = View;
			sourceTree = "<group>";
		};
		F97F8FAF2494D85800068253 /* Encoding */ = {
			isa = PBXGroup;
			children = (
				F97F8FB02494D87600068253 /* ParameterEncoding.swift */,
				F97F8FB22494D90500068253 /* URLParameterEncoding.swift */,
				F97F8FB42494D91C00068253 /* JSONParameterEncoder.swift */,
			);
			path = Encoding;
			sourceTree = "<group>";
		};
		F97F8FB62494D94900068253 /* Manager */ = {
			isa = PBXGroup;
			children = (
				F97F8FB72494D95800068253 /* NetworkManager.swift */,
			);
			path = Manager;
			sourceTree = "<group>";
		};
		F97F8FB92494D96F00068253 /* EndPoint */ = {
			isa = PBXGroup;
			children = (
				F97F8FBA2494D99600068253 /* MovieEndPoint.swift */,
			);
			path = EndPoint;
			sourceTree = "<group>";
		};
		F97F8FBC2494D9A900068253 /* Service */ = {
			isa = PBXGroup;
			children = (
				F97F8FBD2494D9B700068253 /* HTTPTask.swift */,
				F97F8FBF2494D9CA00068253 /* HTTPMethod.swift */,
				F97F8FC12494D9DD00068253 /* Router.swift */,
				F97F8FC32494D9F200068253 /* NetworkLogger.swift */,
				F97F8FC52494DA0400068253 /* EndPointType.swift */,
			);
			path = Service;
			sourceTree = "<group>";
		};
/* End PBXGroup section */

/* Begin PBXNativeTarget section */
		F97F8F922494D22400068253 /* LoodosMovieCase */ = {
			isa = PBXNativeTarget;
			buildConfigurationList = F97F8FA72494D22500068253 /* Build configuration list for PBXNativeTarget "LoodosMovieCase" */;
			buildPhases = (
				EE00B6A7173160B0803E7C3C /* [CP] Check Pods Manifest.lock */,
				F97F8F8F2494D22400068253 /* Sources */,
				F97F8F902494D22400068253 /* Frameworks */,
				F97F8F912494D22400068253 /* Resources */,
				95C13E93E4CE31B665C63BCE /* [CP] Embed Pods Frameworks */,
			);
			buildRules = (
			);
			dependencies = (
			);
			name = LoodosMovieCase;
			productName = LoodosMovieCase;
			productReference = F97F8F932494D22400068253 /* LoodosMovieCase.app */;
			productType = "com.apple.product-type.application";
		};
/* End PBXNativeTarget section */

/* Begin PBXProject section */
		F97F8F8B2494D22400068253 /* Project object */ = {
			isa = PBXProject;
			attributes = {
				LastSwiftUpdateCheck = 1120;
				LastUpgradeCheck = 1120;
				ORGANIZATIONNAME = Baki;
				TargetAttributes = {
					F97F8F922494D22400068253 = {
						CreatedOnToolsVersion = 11.2.1;
					};
				};
			};
			buildConfigurationList = F97F8F8E2494D22400068253 /* Build configuration list for PBXProject "LoodosMovieCase" */;
			compatibilityVersion = "Xcode 9.3";
			developmentRegion = en;
			hasScannedForEncodings = 0;
			knownRegions = (
				en,
				Base,
			);
			mainGroup = F97F8F8A2494D22400068253;
			productRefGroup = F97F8F942494D22400068253 /* Products */;
			projectDirPath = "";
			projectRoot = "";
			targets = (
				F97F8F922494D22400068253 /* LoodosMovieCase */,
			);
		};
/* End PBXProject section */

/* Begin PBXResourcesBuildPhase section */
		F97F8F912494D22400068253 /* Resources */ = {
			isa = PBXResourcesBuildPhase;
			buildActionMask = 2147483647;
			files = (
				F97F8FA32494D22500068253 /* LaunchScreen.storyboard in Resources */,
				F951F6DE249639AB00561838 /* MovieCell.xib in Resources */,
				F951F6D02496378900561838 /* HomeVC.xib in Resources */,
				F97F8FCA2494E02A00068253 /* GoogleService-Info.plist in Resources */,
				F951F6C6249632D100561838 /* SplashVC.xib in Resources */,
				F97F8FA02494D22500068253 /* Assets.xcassets in Resources */,
				F97F8F9E2494D22400068253 /* Main.storyboard in Resources */,
			);
			runOnlyForDeploymentPostprocessing = 0;
		};
/* End PBXResourcesBuildPhase section */

/* Begin PBXShellScriptBuildPhase section */
		95C13E93E4CE31B665C63BCE /* [CP] Embed Pods Frameworks */ = {
			isa = PBXShellScriptBuildPhase;
			buildActionMask = 2147483647;
			files = (
			);
			inputFileListPaths = (
				"${PODS_ROOT}/Target Support Files/Pods-LoodosMovieCase/Pods-LoodosMovieCase-frameworks-${CONFIGURATION}-input-files.xcfilelist",
			);
			name = "[CP] Embed Pods Frameworks";
			outputFileListPaths = (
				"${PODS_ROOT}/Target Support Files/Pods-LoodosMovieCase/Pods-LoodosMovieCase-frameworks-${CONFIGURATION}-output-files.xcfilelist",
			);
			runOnlyForDeploymentPostprocessing = 0;
			shellPath = /bin/sh;
			shellScript = "\"${PODS_ROOT}/Target Support Files/Pods-LoodosMovieCase/Pods-LoodosMovieCase-frameworks.sh\"\n";
			showEnvVarsInLog = 0;
		};
		EE00B6A7173160B0803E7C3C /* [CP] Check Pods Manifest.lock */ = {
			isa = PBXShellScriptBuildPhase;
			buildActionMask = 2147483647;
			files = (
			);
			inputFileListPaths = (
			);
			inputPaths = (
				"${PODS_PODFILE_DIR_PATH}/Podfile.lock",
				"${PODS_ROOT}/Manifest.lock",
			);
			name = "[CP] Check Pods Manifest.lock";
			outputFileListPaths = (
			);
			outputPaths = (
				"$(DERIVED_FILE_DIR)/Pods-LoodosMovieCase-checkManifestLockResult.txt",
			);
			runOnlyForDeploymentPostprocessing = 0;
			shellPath = /bin/sh;
			shellScript = "diff \"${PODS_PODFILE_DIR_PATH}/Podfile.lock\" \"${PODS_ROOT}/Manifest.lock\" > /dev/null\nif [ $? != 0 ] ; then\n    # print error to STDERR\n    echo \"error: The sandbox is not in sync with the Podfile.lock. Run 'pod install' or update your CocoaPods installation.\" >&2\n    exit 1\nfi\n# This output is used by Xcode 'outputs' to avoid re-running this script phase.\necho \"SUCCESS\" > \"${SCRIPT_OUTPUT_FILE_0}\"\n";
			showEnvVarsInLog = 0;
		};
/* End PBXShellScriptBuildPhase section */

/* Begin PBXSourcesBuildPhase section */
		F97F8F8F2494D22400068253 /* Sources */ = {
			isa = PBXSourcesBuildPhase;
			buildActionMask = 2147483647;
			files = (
				F951F6D22496381200561838 /* MovieModel.swift in Sources */,
				F951F6CB249635C300561838 /* Extension+UIViewController.swift in Sources */,
				F97F8FCC2494E15F00068253 /* RCValues.swift in Sources */,
				F951F6D42496383500561838 /* MovieDetailModel.swift in Sources */,
				F97F8FC42494D9F200068253 /* NetworkLogger.swift in Sources */,
				F97F8FC22494D9DD00068253 /* Router.swift in Sources */,
				F97F8FC62494DA0400068253 /* EndPointType.swift in Sources */,
				F951F6CF2496378900561838 /* HomeVC.swift in Sources */,
				F951F6D62496385A00561838 /* Ratings.swift in Sources */,
				F97F8F9B2494D22400068253 /* ViewController.swift in Sources */,
				F951F6E224963C4700561838 /* Constant.swift in Sources */,
				F97F8F972494D22400068253 /* AppDelegate.swift in Sources */,
				F97F8FB52494D91C00068253 /* JSONParameterEncoder.swift in Sources */,
				F97F8FBE2494D9B700068253 /* HTTPTask.swift in Sources */,
				F951F6C82496356D00561838 /* Reachability.swift in Sources */,
				F951F6DD249639AB00561838 /* MovieCell.swift in Sources */,
				F951F6E024963BC800561838 /* Extension+UITableView.swift in Sources */,
				F97F8FB82494D95900068253 /* NetworkManager.swift in Sources */,
				F97F8FB12494D87600068253 /* ParameterEncoding.swift in Sources */,
				F97F8FB32494D90500068253 /* URLParameterEncoding.swift in Sources */,
				F97F8FC02494D9CA00068253 /* HTTPMethod.swift in Sources */,
				F97F8FBB2494D99600068253 /* MovieEndPoint.swift in Sources */,
				F951F6C5249632D100561838 /* SplashVC.swift in Sources */,
			);
			runOnlyForDeploymentPostprocessing = 0;
		};
/* End PBXSourcesBuildPhase section */

/* Begin PBXVariantGroup section */
		F97F8F9C2494D22400068253 /* Main.storyboard */ = {
			isa = PBXVariantGroup;
			children = (
				F97F8F9D2494D22400068253 /* Base */,
			);
			name = Main.storyboard;
			sourceTree = "<group>";
		};
		F97F8FA12494D22500068253 /* LaunchScreen.storyboard */ = {
			isa = PBXVariantGroup;
			children = (
				F97F8FA22494D22500068253 /* Base */,
			);
			name = LaunchScreen.storyboard;
			sourceTree = "<group>";
		};
/* End PBXVariantGroup section */

/* Begin XCBuildConfiguration section */
		F97F8FA52494D22500068253 /* Debug */ = {
			isa = XCBuildConfiguration;
			buildSettings = {
				ALWAYS_SEARCH_USER_PATHS = NO;
				CLANG_ANALYZER_NONNULL = YES;
				CLANG_ANALYZER_NUMBER_OBJECT_CONVERSION = YES_AGGRESSIVE;
				CLANG_CXX_LANGUAGE_STANDARD = "gnu++14";
				CLANG_CXX_LIBRARY = "libc++";
				CLANG_ENABLE_MODULES = YES;
				CLANG_ENABLE_OBJC_ARC = YES;
				CLANG_ENABLE_OBJC_WEAK = YES;
				CLANG_WARN_BLOCK_CAPTURE_AUTORELEASING = YES;
				CLANG_WARN_BOOL_CONVERSION = YES;
				CLANG_WARN_COMMA = YES;
				CLANG_WARN_CONSTANT_CONVERSION = YES;
				CLANG_WARN_DEPRECATED_OBJC_IMPLEMENTATIONS = YES;
				CLANG_WARN_DIRECT_OBJC_ISA_USAGE = YES_ERROR;
				CLANG_WARN_DOCUMENTATION_COMMENTS = YES;
				CLANG_WARN_EMPTY_BODY = YES;
				CLANG_WARN_ENUM_CONVERSION = YES;
				CLANG_WARN_INFINITE_RECURSION = YES;
				CLANG_WARN_INT_CONVERSION = YES;
				CLANG_WARN_NON_LITERAL_NULL_CONVERSION = YES;
				CLANG_WARN_OBJC_IMPLICIT_RETAIN_SELF = YES;
				CLANG_WARN_OBJC_LITERAL_CONVERSION = YES;
				CLANG_WARN_OBJC_ROOT_CLASS = YES_ERROR;
				CLANG_WARN_RANGE_LOOP_ANALYSIS = YES;
				CLANG_WARN_STRICT_PROTOTYPES = YES;
				CLANG_WARN_SUSPICIOUS_MOVE = YES;
				CLANG_WARN_UNGUARDED_AVAILABILITY = YES_AGGRESSIVE;
				CLANG_WARN_UNREACHABLE_CODE = YES;
				CLANG_WARN__DUPLICATE_METHOD_MATCH = YES;
				COPY_PHASE_STRIP = NO;
				DEBUG_INFORMATION_FORMAT = dwarf;
				ENABLE_STRICT_OBJC_MSGSEND = YES;
				ENABLE_TESTABILITY = YES;
				GCC_C_LANGUAGE_STANDARD = gnu11;
				GCC_DYNAMIC_NO_PIC = NO;
				GCC_NO_COMMON_BLOCKS = YES;
				GCC_OPTIMIZATION_LEVEL = 0;
				GCC_PREPROCESSOR_DEFINITIONS = (
					"DEBUG=1",
					"$(inherited)",
				);
				GCC_WARN_64_TO_32_BIT_CONVERSION = YES;
				GCC_WARN_ABOUT_RETURN_TYPE = YES_ERROR;
				GCC_WARN_UNDECLARED_SELECTOR = YES;
				GCC_WARN_UNINITIALIZED_AUTOS = YES_AGGRESSIVE;
				GCC_WARN_UNUSED_FUNCTION = YES;
				GCC_WARN_UNUSED_VARIABLE = YES;
				IPHONEOS_DEPLOYMENT_TARGET = 13.2;
				MTL_ENABLE_DEBUG_INFO = INCLUDE_SOURCE;
				MTL_FAST_MATH = YES;
				ONLY_ACTIVE_ARCH = YES;
				SDKROOT = iphoneos;
				SWIFT_ACTIVE_COMPILATION_CONDITIONS = DEBUG;
				SWIFT_OPTIMIZATION_LEVEL = "-Onone";
			};
			name = Debug;
		};
		F97F8FA62494D22500068253 /* Release */ = {
			isa = XCBuildConfiguration;
			buildSettings = {
				ALWAYS_SEARCH_USER_PATHS = NO;
				CLANG_ANALYZER_NONNULL = YES;
				CLANG_ANALYZER_NUMBER_OBJECT_CONVERSION = YES_AGGRESSIVE;
				CLANG_CXX_LANGUAGE_STANDARD = "gnu++14";
				CLANG_CXX_LIBRARY = "libc++";
				CLANG_ENABLE_MODULES = YES;
				CLANG_ENABLE_OBJC_ARC = YES;
				CLANG_ENABLE_OBJC_WEAK = YES;
				CLANG_WARN_BLOCK_CAPTURE_AUTORELEASING = YES;
				CLANG_WARN_BOOL_CONVERSION = YES;
				CLANG_WARN_COMMA = YES;
				CLANG_WARN_CONSTANT_CONVERSION = YES;
				CLANG_WARN_DEPRECATED_OBJC_IMPLEMENTATIONS = YES;
				CLANG_WARN_DIRECT_OBJC_ISA_USAGE = YES_ERROR;
				CLANG_WARN_DOCUMENTATION_COMMENTS = YES;
				CLANG_WARN_EMPTY_BODY = YES;
				CLANG_WARN_ENUM_CONVERSION = YES;
				CLANG_WARN_INFINITE_RECURSION = YES;
				CLANG_WARN_INT_CONVERSION = YES;
				CLANG_WARN_NON_LITERAL_NULL_CONVERSION = YES;
				CLANG_WARN_OBJC_IMPLICIT_RETAIN_SELF = YES;
				CLANG_WARN_OBJC_LITERAL_CONVERSION = YES;
				CLANG_WARN_OBJC_ROOT_CLASS = YES_ERROR;
				CLANG_WARN_RANGE_LOOP_ANALYSIS = YES;
				CLANG_WARN_STRICT_PROTOTYPES = YES;
				CLANG_WARN_SUSPICIOUS_MOVE = YES;
				CLANG_WARN_UNGUARDED_AVAILABILITY = YES_AGGRESSIVE;
				CLANG_WARN_UNREACHABLE_CODE = YES;
				CLANG_WARN__DUPLICATE_METHOD_MATCH = YES;
				COPY_PHASE_STRIP = NO;
				DEBUG_INFORMATION_FORMAT = "dwarf-with-dsym";
				ENABLE_NS_ASSERTIONS = NO;
				ENABLE_STRICT_OBJC_MSGSEND = YES;
				GCC_C_LANGUAGE_STANDARD = gnu11;
				GCC_NO_COMMON_BLOCKS = YES;
				GCC_WARN_64_TO_32_BIT_CONVERSION = YES;
				GCC_WARN_ABOUT_RETURN_TYPE = YES_ERROR;
				GCC_WARN_UNDECLARED_SELECTOR = YES;
				GCC_WARN_UNINITIALIZED_AUTOS = YES_AGGRESSIVE;
				GCC_WARN_UNUSED_FUNCTION = YES;
				GCC_WARN_UNUSED_VARIABLE = YES;
				IPHONEOS_DEPLOYMENT_TARGET = 13.2;
				MTL_ENABLE_DEBUG_INFO = NO;
				MTL_FAST_MATH = YES;
				SDKROOT = iphoneos;
				SWIFT_COMPILATION_MODE = wholemodule;
				SWIFT_OPTIMIZATION_LEVEL = "-O";
				VALIDATE_PRODUCT = YES;
			};
			name = Release;
		};
		F97F8FA82494D22500068253 /* Debug */ = {
			isa = XCBuildConfiguration;
			baseConfigurationReference = DAE2B4B1D914A0A268536389 /* Pods-LoodosMovieCase.debug.xcconfig */;
			buildSettings = {
				ASSETCATALOG_COMPILER_APPICON_NAME = AppIcon;
				CODE_SIGN_STYLE = Automatic;
				DEVELOPMENT_TEAM = L8G29W99W7;
				INFOPLIST_FILE = LoodosMovieCase/Info.plist;
				LD_RUNPATH_SEARCH_PATHS = (
					"$(inherited)",
					"@executable_path/Frameworks",
				);
				PRODUCT_BUNDLE_IDENTIFIER = Baki.LoodosMovieCase;
				PRODUCT_NAME = "$(TARGET_NAME)";
				SWIFT_VERSION = 5.0;
				TARGETED_DEVICE_FAMILY = "1,2";
			};
			name = Debug;
		};
		F97F8FA92494D22500068253 /* Release */ = {
			isa = XCBuildConfiguration;
			baseConfigurationReference = AAD19CA4B42B2A93774096E2 /* Pods-LoodosMovieCase.release.xcconfig */;
			buildSettings = {
				ASSETCATALOG_COMPILER_APPICON_NAME = AppIcon;
				CODE_SIGN_STYLE = Automatic;
				DEVELOPMENT_TEAM = L8G29W99W7;
				INFOPLIST_FILE = LoodosMovieCase/Info.plist;
				LD_RUNPATH_SEARCH_PATHS = (
					"$(inherited)",
					"@executable_path/Frameworks",
				);
				PRODUCT_BUNDLE_IDENTIFIER = Baki.LoodosMovieCase;
				PRODUCT_NAME = "$(TARGET_NAME)";
				SWIFT_VERSION = 5.0;
				TARGETED_DEVICE_FAMILY = "1,2";
			};
			name = Release;
		};
/* End XCBuildConfiguration section */

/* Begin XCConfigurationList section */
		F97F8F8E2494D22400068253 /* Build configuration list for PBXProject "LoodosMovieCase" */ = {
			isa = XCConfigurationList;
			buildConfigurations = (
				F97F8FA52494D22500068253 /* Debug */,
				F97F8FA62494D22500068253 /* Release */,
			);
			defaultConfigurationIsVisible = 0;
			defaultConfigurationName = Release;
		};
		F97F8FA72494D22500068253 /* Build configuration list for PBXNativeTarget "LoodosMovieCase" */ = {
			isa = XCConfigurationList;
			buildConfigurations = (
				F97F8FA82494D22500068253 /* Debug */,
				F97F8FA92494D22500068253 /* Release */,
			);
			defaultConfigurationIsVisible = 0;
			defaultConfigurationName = Release;
		};
/* End XCConfigurationList section */
	};
	rootObject = F97F8F8B2494D22400068253 /* Project object */;
}
